%{"cowboy": {:hex, :cowboy, "1.0.2", "876a2f63eaa5da5bd0610569d6402cabef8b3f48171233c11cfeee9f37d1f0c9", [:rebar], [{:cowlib, "~> 1.0.0", [hex: :cowlib, repo: "hexpm", optional: false]}, {:ranch, "~> 1.0", [hex: :ranch, repo: "hexpm", optional: false]}], "hexpm"},
  "cowlib": {:hex, :cowlib, "1.0.1", "175a633c472058bbeb1b238a6409766a48b52b43b7b687ed70f03cf6e854b7d9", [:make], [], "hexpm"},
  "plug": {:hex, :plug, "1.0.0", "dfb6e50cebdde4dd338d175df9b067e8e2e3a34e8b7b61aba6f5213cf7d13000", [:mix], [{:cowboy, "~> 1.0", [hex: :cowboy, repo: "hexpm", optional: true]}], "hexpm"},
  "ranch": {:hex, :ranch, "1.1.0", "f7ed6d97db8c2a27cca85cacbd543558001fc5a355e93a7bff1e9a9065a8545b", [:make], [], "hexpm"}}
